
Microsoft Visual Studio Solution File, Format Version 12.00
# Visual Studio 15
VisualStudioVersion = 15.0.27428.2015
MinimumVisualStudioVersion = 10.0.40219.1
Project("{FAE04EC0-301F-11D3-BF4B-00C04F79EFBC}") = "SketchPad", "SketchPad\SketchPad.csproj", "{0D94F8D3-4A90-4797-AD91-CC1986958C79}"
EndProject
Global
	GlobalSection(SolutionConfigurationPlatforms) = preSolution
		Debug|Any CPU = Debug|Any CPU
		Release|Any CPU = Release|Any CPU
	EndGlobalSection
	GlobalSection(ProjectConfigurationPlatforms) = postSolution
		{0D94F8D3-4A90-4797-AD91-CC1986958C79}.Debug|Any CPU.ActiveCfg = Debug|Any CPU
		{0D94F8D3-4A90-4797-AD91-CC1986958C79}.Debug|Any CPU.Build.0 = Debug|Any CPU
		{0D94F8D3-4A90-4797-AD91-CC1986958C79}.Release|Any CPU.ActiveCfg = Release|Any CPU
		{0D94F8D3-4A90-4797-AD91-CC1986958C79}.Release|Any CPU.Build.0 = Release|Any CPU
	EndGlobalSection
	GlobalSection(SolutionProperties) = preSolution
		HideSolutionNode = FALSE
	EndGlobalSection
	GlobalSection(ExtensibilityGlobals) = postSolution
		SolutionGuid = {97F0C5D1-F6B2-4B19-99BA-7B7B97BA34C1}
	EndGlobalSection
EndGlobal
